
Microsoft Visual Studio Solution File, Format Version 12.00
# Visual Studio Version 17
VisualStudioVersion = 17.0.31903.59
MinimumVisualStudioVersion = 10.0.40219.1
Project("{9A19103F-16F7-4668-BE54-9A1E7A4F7556}") = "Portfolio_v2", "Portfolio_v2\Portfolio_v2.csproj", "{19CE1573-7234-4793-ABEF-AFD5C0B43E90}"
EndProject
Project("{9A19103F-16F7-4668-BE54-9A1E7A4F7556}") = "Portfolio_API", "Portfolio_API\Portfolio_API.csproj", "{5504FFA2-948F-4A89-8AD4-59B33D7D191B}"
EndProject
Global
	GlobalSection(SolutionConfigurationPlatforms) = preSolution
		Debug|Any CPU = Debug|Any CPU
		Release|Any CPU = Release|Any CPU
	EndGlobalSection
	GlobalSection(ProjectConfigurationPlatforms) = postSolution
		{19CE1573-7234-4793-ABEF-AFD5C0B43E90}.Debug|Any CPU.ActiveCfg = Debug|Any CPU
		{19CE1573-7234-4793-ABEF-AFD5C0B43E90}.Debug|Any CPU.Build.0 = Debug|Any CPU
		{19CE1573-7234-4793-ABEF-AFD5C0B43E90}.Release|Any CPU.ActiveCfg = Release|Any CPU
		{19CE1573-7234-4793-ABEF-AFD5C0B43E90}.Release|Any CPU.Build.0 = Release|Any CPU
		{5504FFA2-948F-4A89-8AD4-59B33D7D191B}.Debug|Any CPU.ActiveCfg = Debug|Any CPU
		{5504FFA2-948F-4A89-8AD4-59B33D7D191B}.Debug|Any CPU.Build.0 = Debug|Any CPU
		{5504FFA2-948F-4A89-8AD4-59B33D7D191B}.Release|Any CPU.ActiveCfg = Release|Any CPU
		{5504FFA2-948F-4A89-8AD4-59B33D7D191B}.Release|Any CPU.Build.0 = Release|Any CPU
	EndGlobalSection
	GlobalSection(SolutionProperties) = preSolution
		HideSolutionNode = FALSE
	EndGlobalSection
	GlobalSection(ExtensibilityGlobals) = postSolution
		SolutionGuid = {3E2E2081-3A37-4C30-8D2A-B2ADC02F430F}
	EndGlobalSection
EndGlobal
